// !$*UTF8*$!
{
	archiveVersion = 1;
	classes = {
	};
	objectVersion = 56;
	objects = {

/* Begin PBXBuildFile section */
		A1000001 /* TennisPulseApp.swift in Sources */ = {isa = PBXBuildFile; fileRef = A1000000 /* TennisPulseApp.swift */; };
		A1000002 /* SessionListView.swift in Sources */ = {isa = PBXBuildFile; fileRef = A1000003 /* SessionListView.swift */; };
		A1000004 /* SessionDetailView.swift in Sources */ = {isa = PBXBuildFile; fileRef = A1000005 /* SessionDetailView.swift */; };
		A1000039 /* SessionSummaryView.swift in Sources */ = {isa = PBXBuildFile; fileRef = A1000040 /* SessionSummaryView.swift */; };
		A1000006 /* TrainingSessionViewModel.swift in Sources */ = {isa = PBXBuildFile; fileRef = A1000007 /* TrainingSessionViewModel.swift */; };
		A1000008 /* SessionDetailViewModel.swift in Sources */ = {isa = PBXBuildFile; fileRef = A1000009 /* SessionDetailViewModel.swift */; };
		A1000010 /* TrainingSession.swift in Sources */ = {isa = PBXBuildFile; fileRef = A1000011 /* TrainingSession.swift */; };
		A1000012 /* TrainingSet.swift in Sources */ = {isa = PBXBuildFile; fileRef = A1000013 /* TrainingSet.swift */; };
		A1000014 /* SetType.swift in Sources */ = {isa = PBXBuildFile; fileRef = A1000015 /* SetType.swift */; };
		A1000016 /* TrainingSessionService.swift in Sources */ = {isa = PBXBuildFile; fileRef = A1000017 /* TrainingSessionService.swift */; };
		A1000053 /* TennisAnalyzerBridge.mm in Sources */ = {isa = PBXBuildFile; fileRef = A1000042 /* TennisAnalyzerBridge.mm */; };
		A1000054 /* tennis_analyzer.cpp in Sources */ = {isa = PBXBuildFile; fileRef = A1000044 /* tennis_analyzer.cpp */; };
		A1000055 /* TennisAnalyzerService.swift in Sources */ = {isa = PBXBuildFile; fileRef = A1000046 /* TennisAnalyzerService.swift */; };
		A1000056 /* SessionAnalyticsViewModel.swift in Sources */ = {isa = PBXBuildFile; fileRef = A1000048 /* SessionAnalyticsViewModel.swift */; };
		A1000057 /* AnalyticsExampleView.swift in Sources */ = {isa = PBXBuildFile; fileRef = A1000050 /* AnalyticsExampleView.swift */; };
		A1000059 /* SetDurationConsistencyChart.swift in Sources */ = {isa = PBXBuildFile; fileRef = A1000060 /* SetDurationConsistencyChart.swift */; };
		A1000061 /* ActiveRestTimeChart.swift in Sources */ = {isa = PBXBuildFile; fileRef = A1000062 /* ActiveRestTimeChart.swift */; };
		A1000063 /* TrainingDensityChart.swift in Sources */ = {isa = PBXBuildFile; fileRef = A1000064 /* TrainingDensityChart.swift */; };
		A1000065 /* SessionsAnalyticsView.swift in Sources */ = {isa = PBXBuildFile; fileRef = A1000066 /* SessionsAnalyticsView.swift */; };
/* End PBXBuildFile section */

/* Begin PBXFileReference section */
		A1000000 /* TennisPulseApp.swift */ = {isa = PBXFileReference; lastKnownFileType = sourcecode.swift; path = TennisPulseApp.swift; sourceTree = "<group>"; };
		A1000003 /* SessionListView.swift */ = {isa = PBXFileReference; lastKnownFileType = sourcecode.swift; path = SessionListView.swift; sourceTree = "<group>"; };
		A1000005 /* SessionDetailView.swift */ = {isa = PBXFileReference; lastKnownFileType = sourcecode.swift; path = SessionDetailView.swift; sourceTree = "<group>"; };
		A1000040 /* SessionSummaryView.swift */ = {isa = PBXFileReference; lastKnownFileType = sourcecode.swift; path = SessionSummaryView.swift; sourceTree = "<group>"; };
		A1000007 /* TrainingSessionViewModel.swift */ = {isa = PBXFileReference; lastKnownFileType = sourcecode.swift; path = TrainingSessionViewModel.swift; sourceTree = "<group>"; };
		A1000009 /* SessionDetailViewModel.swift */ = {isa = PBXFileReference; lastKnownFileType = sourcecode.swift; path = SessionDetailViewModel.swift; sourceTree = "<group>"; };
		A1000011 /* TrainingSession.swift */ = {isa = PBXFileReference; lastKnownFileType = sourcecode.swift; path = TrainingSession.swift; sourceTree = "<group>"; };
		A1000013 /* TrainingSet.swift */ = {isa = PBXFileReference; lastKnownFileType = sourcecode.swift; path = TrainingSet.swift; sourceTree = "<group>"; };
		A1000015 /* SetType.swift */ = {isa = PBXFileReference; lastKnownFileType = sourcecode.swift; path = SetType.swift; sourceTree = "<group>"; };
		A1000017 /* TrainingSessionService.swift */ = {isa = PBXFileReference; lastKnownFileType = sourcecode.swift; path = TrainingSessionService.swift; sourceTree = "<group>"; };
		A1000018 /* Info.plist */ = {isa = PBXFileReference; lastKnownFileType = text.plist.xml; path = Info.plist; sourceTree = "<group>"; };
		A1000035 /* TennisPulse.app */ = {isa = PBXFileReference; explicitFileType = wrapper.application; includeInIndex = 0; path = TennisPulse.app; sourceTree = BUILT_PRODUCTS_DIR; };
		A1000041 /* TennisAnalyzerBridge.h */ = {isa = PBXFileReference; lastKnownFileType = sourcecode.c.h; path = TennisAnalyzerBridge.h; sourceTree = "<group>"; };
		A1000042 /* TennisAnalyzerBridge.mm */ = {isa = PBXFileReference; lastKnownFileType = sourcecode.cpp.objcpp; path = TennisAnalyzerBridge.mm; sourceTree = "<group>"; };
		A1000044 /* tennis_analyzer.cpp */ = {isa = PBXFileReference; lastKnownFileType = sourcecode.cpp.cpp; path = tennis_analyzer.cpp; sourceTree = "<group>"; };
		A1000051 /* tennis_analyzer.hpp */ = {isa = PBXFileReference; lastKnownFileType = sourcecode.cpp.h; path = tennis_analyzer.hpp; sourceTree = "<group>"; };
		A1000046 /* TennisAnalyzerService.swift */ = {isa = PBXFileReference; lastKnownFileType = sourcecode.swift; path = TennisAnalyzerService.swift; sourceTree = "<group>"; };
		A1000048 /* SessionAnalyticsViewModel.swift */ = {isa = PBXFileReference; lastKnownFileType = sourcecode.swift; path = SessionAnalyticsViewModel.swift; sourceTree = "<group>"; };
		A1000050 /* AnalyticsExampleView.swift */ = {isa = PBXFileReference; lastKnownFileType = sourcecode.swift; path = AnalyticsExampleView.swift; sourceTree = "<group>"; };
		A1000058 /* TennisPulse-Bridging-Header.h */ = {isa = PBXFileReference; lastKnownFileType = sourcecode.c.h; path = "TennisPulse-Bridging-Header.h"; sourceTree = "<group>"; };
		A1000060 /* SetDurationConsistencyChart.swift */ = {isa = PBXFileReference; lastKnownFileType = sourcecode.swift; path = SetDurationConsistencyChart.swift; sourceTree = "<group>"; };
		A1000062 /* ActiveRestTimeChart.swift */ = {isa = PBXFileReference; lastKnownFileType = sourcecode.swift; path = ActiveRestTimeChart.swift; sourceTree = "<group>"; };
		A1000064 /* TrainingDensityChart.swift */ = {isa = PBXFileReference; lastKnownFileType = sourcecode.swift; path = TrainingDensityChart.swift; sourceTree = "<group>"; };
		A1000066 /* SessionsAnalyticsView.swift */ = {isa = PBXFileReference; lastKnownFileType = sourcecode.swift; path = SessionsAnalyticsView.swift; sourceTree = "<group>"; };
/* End PBXFileReference section */

/* Begin PBXFrameworksBuildPhase section */
		A1000037 /* Frameworks */ = {
			isa = PBXFrameworksBuildPhase;
			buildActionMask = 2147483647;
			files = (
			);
			runOnlyForDeploymentPostprocessing = 0;
		};
/* End PBXFrameworksBuildPhase section */

/* Begin PBXGroup section */
		A1000019 = {
			isa = PBXGroup;
			children = (
				A1000020 /* TennisPulse */,
				A1000021 /* Products */,
			);
			sourceTree = "<group>";
		};
		A1000020 /* TennisPulse */ = {
			isa = PBXGroup;
			children = (
				A1000000 /* TennisPulseApp.swift */,
				A1000022 /* Views */,
				A1000023 /* ViewModels */,
				A1000024 /* Models */,
				A1000025 /* Services */,
				A1000052 /* Analytics */,
				A1000058 /* TennisPulse-Bridging-Header.h */,
				A1000018 /* Info.plist */,
			);
			path = TennisPulse;
			sourceTree = "<group>";
		};
		A1000021 /* Products */ = {
			isa = PBXGroup;
			children = (
				A1000035 /* TennisPulse.app */,
			);
			name = Products;
			sourceTree = "<group>";
		};
		A1000022 /* Views */ = {
			isa = PBXGroup;
			children = (
				A1000003 /* SessionListView.swift */,
				A1000005 /* SessionDetailView.swift */,
				A1000040 /* SessionSummaryView.swift */,
				A1000050 /* AnalyticsExampleView.swift */,
				A1000066 /* SessionsAnalyticsView.swift */,
				A1000067 /* Charts */,
			);
			path = Views;
			sourceTree = "<group>";
		};
		A1000067 /* Charts */ = {
			isa = PBXGroup;
			children = (
				A1000060 /* SetDurationConsistencyChart.swift */,
				A1000062 /* ActiveRestTimeChart.swift */,
				A1000064 /* TrainingDensityChart.swift */,
			);
			path = Charts;
			sourceTree = "<group>";
		};
		A1000023 /* ViewModels */ = {
			isa = PBXGroup;
			children = (
				A1000007 /* TrainingSessionViewModel.swift */,
				A1000009 /* SessionDetailViewModel.swift */,
				A1000048 /* SessionAnalyticsViewModel.swift */,
			);
			path = ViewModels;
			sourceTree = "<group>";
		};
		A1000024 /* Models */ = {
			isa = PBXGroup;
			children = (
				A1000011 /* TrainingSession.swift */,
				A1000013 /* TrainingSet.swift */,
				A1000015 /* SetType.swift */,
			);
			path = Models;
			sourceTree = "<group>";
		};
		A1000025 /* Services */ = {
			isa = PBXGroup;
			children = (
				A1000017 /* TrainingSessionService.swift */,
			);
			path = Services;
			sourceTree = "<group>";
		};
		A1000052 /* Analytics */ = {
			isa = PBXGroup;
			children = (
				A1000041 /* TennisAnalyzerBridge.h */,
				A1000042 /* TennisAnalyzerBridge.mm */,
				A1000051 /* tennis_analyzer.hpp */,
				A1000044 /* tennis_analyzer.cpp */,
				A1000046 /* TennisAnalyzerService.swift */,
			);
			path = Analytics;
			sourceTree = "<group>";
		};
/* End PBXGroup section */

/* Begin PBXNativeTarget section */
		A1000026 /* TennisPulse */ = {
			isa = PBXNativeTarget;
			buildConfigurationList = A1000027 /* Build configuration list for PBXNativeTarget "TennisPulse" */;
			buildPhases = (
				A1000028 /* Sources */,
				A1000037 /* Frameworks */,
				A1000038 /* Resources */,
			);
			buildRules = (
			);
			dependencies = (
			);
			name = TennisPulse;
			packageProductDependencies = (
			);
			productName = TennisPulse;
			productReference = A1000035 /* TennisPulse.app */;
			productType = "com.apple.product-type.application";
		};
/* End PBXNativeTarget section */

/* Begin PBXProject section */
		A1000029 /* Project object */ = {
			isa = PBXProject;
			attributes = {
				BuildIndependentTargetsInParallel = 1;
				LastSwiftUpdateCheck = 1500;
				LastUpgradeCheck = 1500;
			};
			buildConfigurationList = A1000030 /* Build configuration list for PBXProject "TennisPulse" */;
			compatibilityVersion = "Xcode 14.0";
			developmentRegion = en;
			hasScannedForEncodings = 0;
			knownRegions = (
				en,
				Base,
			);
			mainGroup = A1000019;
			productRefGroup = A1000021 /* Products */;
			projectDirPath = "";
			projectRoot = "";
			targets = (
				A1000026 /* TennisPulse */,
			);
		};
/* End PBXProject section */

/* Begin PBXResourcesBuildPhase section */
		A1000038 /* Resources */ = {
			isa = PBXResourcesBuildPhase;
			buildActionMask = 2147483647;
			files = (
			);
			runOnlyForDeploymentPostprocessing = 0;
		};
/* End PBXResourcesBuildPhase section */

/* Begin PBXSourcesBuildPhase section */
		A1000028 /* Sources */ = {
			isa = PBXSourcesBuildPhase;
			buildActionMask = 2147483647;
			files = (
				A1000001 /* TennisPulseApp.swift in Sources */,
				A1000002 /* SessionListView.swift in Sources */,
				A1000004 /* SessionDetailView.swift in Sources */,
				A1000039 /* SessionSummaryView.swift in Sources */,
				A1000006 /* TrainingSessionViewModel.swift in Sources */,
				A1000008 /* SessionDetailViewModel.swift in Sources */,
				A1000010 /* TrainingSession.swift in Sources */,
				A1000012 /* TrainingSet.swift in Sources */,
				A1000014 /* SetType.swift in Sources */,
				A1000016 /* TrainingSessionService.swift in Sources */,
				A1000053 /* TennisAnalyzerBridge.mm in Sources */,
				A1000054 /* tennis_analyzer.cpp in Sources */,
				A1000055 /* TennisAnalyzerService.swift in Sources */,
				A1000056 /* SessionAnalyticsViewModel.swift in Sources */,
				A1000057 /* AnalyticsExampleView.swift in Sources */,
				A1000059 /* SetDurationConsistencyChart.swift in Sources */,
				A1000061 /* ActiveRestTimeChart.swift in Sources */,
				A1000063 /* TrainingDensityChart.swift in Sources */,
				A1000065 /* SessionsAnalyticsView.swift in Sources */,
			);
			runOnlyForDeploymentPostprocessing = 0;
		};
/* End PBXSourcesBuildPhase section */

/* Begin XCBuildConfiguration section */
		A1000031 /* Debug */ = {
			isa = XCBuildConfiguration;
			buildSettings = {
				ALWAYS_SEARCH_HEADER_PATHS = NO;
				ASSETCATALOG_COMPILER_GENERATE_SWIFT_ASSET_SYMBOL_EXTENSIONS = YES;
				CLANG_ANALYZER_NONNULL = YES;
				CLANG_ANALYZER_NUMBER_OBJECT_CONVERSION = YES_AGGRESSIVE;
				CLANG_CXX_LANGUAGE_STANDARD = "gnu++20";
				CLANG_ENABLE_MODULES = YES;
				CLANG_ENABLE_OBJC_ARC = YES;
				CLANG_ENABLE_OBJC_WEAK = YES;
				CLANG_WARN_BLOCK_CAPTURE_AUTORELEASING = YES;
				CLANG_WARN_BOOL_CONVERSION = YES;
				CLANG_WARN_COMMA = YES;
				CLANG_WARN_CONSTANT_CONVERSION = YES;
				CLANG_WARN_DEPRECATED_OBJC_IMPLEMENTATIONS = YES;
				CLANG_WARN_DIRECT_OBJC_ISA_USAGE = YES_ERROR;
				CLANG_WARN_DOCUMENTATION_COMMENTS = YES;
				CLANG_WARN_EMPTY_BODY = YES;
				CLANG_WARN_ENUM_CONVERSION = YES;
				CLANG_WARN_INFINITE_RECURSION = YES;
				CLANG_WARN_INT_CONVERSION = YES;
				CLANG_WARN_NON_LITERAL_NULL_CONVERSION = YES;
				CLANG_WARN_OBJC_IMPLICIT_RETAIN_SELF = YES;
				CLANG_WARN_OBJC_LITERAL_CONVERSION = YES;
				CLANG_WARN_OBJC_ROOT_CLASS = YES_ERROR;
				CLANG_WARN_QUOTED_INCLUDE_IN_FRAMEWORK_HEADER = YES;
				CLANG_WARN_RANGE_LOOP_ANALYSIS = YES;
				CLANG_WARN_STRICT_PROTOTYPES = YES;
				CLANG_WARN_SUSPICIOUS_MOVE = YES;
				CLANG_WARN_UNGUARDED_AVAILABILITY = YES_AGGRESSIVE;
				CLANG_WARN_UNREACHABLE_CODE = YES;
				CLANG_WARN__DUPLICATE_METHOD_MATCH = YES;
				COPY_PHASE_STRIP = NO;
				DEBUG_INFORMATION_FORMAT = dwarf;
				ENABLE_STRICT_OBJC_MSGSEND = YES;
				ENABLE_TESTABILITY = YES;
				ENABLE_USER_SCRIPT_SANDBOXING = YES;
				GCC_C_LANGUAGE_STANDARD = gnu17;
				GCC_DYNAMIC_NO_PIC = NO;
				GCC_NO_COMMON_BLOCKS = YES;
				GCC_OPTIMIZATION_LEVEL = 0;
				GCC_PREPROCESSOR_DEFINITIONS = (
					"DEBUG=1",
					"$(inherited)",
				);
				GCC_WARN_64_TO_32_BIT_CONVERSION = YES;
				GCC_WARN_ABOUT_RETURN_TYPE = YES_ERROR;
				GCC_WARN_UNDECLARED_SELECTOR = YES;
				GCC_WARN_UNINITIALIZED_AUTOS = YES_AGGRESSIVE;
				GCC_WARN_UNUSED_FUNCTION = YES;
				GCC_WARN_UNUSED_VARIABLE = YES;
				IPHONEOS_DEPLOYMENT_TARGET = 16.2;
				LOCALIZATION_PREFERENCE = en;
				MTL_ENABLE_DEBUG_INFO = INCLUDE_SOURCE;
				MTL_FAST_MATH = YES;
				ONLY_ACTIVE_ARCH = YES;
				SDKROOT = iphoneos;
				SWIFT_ACTIVE_COMPILATION_CONDITIONS = "DEBUG $(inherited)";
				SWIFT_OPTIMIZATION_LEVEL = "-Onone";
			};
			name = Debug;
		};
		A1000032 /* Release */ = {
			isa = XCBuildConfiguration;
			buildSettings = {
				ALWAYS_SEARCH_HEADER_PATHS = NO;
				ASSETCATALOG_COMPILER_GENERATE_SWIFT_ASSET_SYMBOL_EXTENSIONS = YES;
				CLANG_ANALYZER_NONNULL = YES;
				CLANG_ANALYZER_NUMBER_OBJECT_CONVERSION = YES_AGGRESSIVE;
				CLANG_CXX_LANGUAGE_STANDARD = "gnu++20";
				CLANG_ENABLE_MODULES = YES;
				CLANG_ENABLE_OBJC_ARC = YES;
				CLANG_ENABLE_OBJC_WEAK = YES;
				CLANG_WARN_BLOCK_CAPTURE_AUTORELEASING = YES;
				CLANG_WARN_BOOL_CONVERSION = YES;
				CLANG_WARN_COMMA = YES;
				CLANG_WARN_CONSTANT_CONVERSION = YES;
				CLANG_WARN_DEPRECATED_OBJC_IMPLEMENTATIONS = YES;
				CLANG_WARN_DIRECT_OBJC_ISA_USAGE = YES_ERROR;
				CLANG_WARN_DOCUMENTATION_COMMENTS = YES;
				CLANG_WARN_EMPTY_BODY = YES;
				CLANG_WARN_ENUM_CONVERSION = YES;
				CLANG_WARN_INFINITE_RECURSION = YES;
				CLANG_WARN_INT_CONVERSION = YES;
				CLANG_WARN_NON_LITERAL_NULL_CONVERSION = YES;
				CLANG_WARN_OBJC_IMPLICIT_RETAIN_SELF = YES;
				CLANG_WARN_OBJC_LITERAL_CONVERSION = YES;
				CLANG_WARN_OBJC_ROOT_CLASS = YES_ERROR;
				CLANG_WARN_QUOTED_INCLUDE_IN_FRAMEWORK_HEADER = YES;
				CLANG_WARN_RANGE_LOOP_ANALYSIS = YES;
				CLANG_WARN_STRICT_PROTOTYPES = YES;
				CLANG_WARN_SUSPICIOUS_MOVE = YES;
				CLANG_WARN_UNGUARDED_AVAILABILITY = YES_AGGRESSIVE;
				CLANG_WARN_UNREACHABLE_CODE = YES;
				CLANG_WARN__DUPLICATE_METHOD_MATCH = YES;
				COPY_PHASE_STRIP = NO;
				DEBUG_INFORMATION_FORMAT = "dwarf-with-dsym";
				ENABLE_NS_ASSERTIONS = NO;
				ENABLE_STRICT_OBJC_MSGSEND = YES;
				ENABLE_USER_SCRIPT_SANDBOXING = YES;
				GCC_C_LANGUAGE_STANDARD = gnu17;
				GCC_NO_COMMON_BLOCKS = YES;
				GCC_WARN_64_TO_32_BIT_CONVERSION = YES;
				GCC_WARN_ABOUT_RETURN_TYPE = YES_ERROR;
				GCC_WARN_UNDECLARED_SELECTOR = YES;
				GCC_WARN_UNINITIALIZED_AUTOS = YES_AGGRESSIVE;
				GCC_WARN_UNUSED_FUNCTION = YES;
				GCC_WARN_UNUSED_VARIABLE = YES;
				IPHONEOS_DEPLOYMENT_TARGET = 16.2;
				LOCALIZATION_PREFERENCE = en;
				MTL_ENABLE_DEBUG_INFO = NO;
				MTL_FAST_MATH = YES;
				SDKROOT = iphoneos;
				SWIFT_COMPILATION_MODE = wholemodule;
				SWIFT_OPTIMIZATION_LEVEL = "-O";
			};
			name = Release;
		};
		A1000033 /* Debug */ = {
			isa = XCBuildConfiguration;
			buildSettings = {
				ASSETCATALOG_COMPILER_APPICON_NAME = AppIcon;
				ASSETCATALOG_COMPILER_GLOBAL_ACCENT_COLOR_NAME = AccentColor;
				CODE_SIGN_IDENTITY = "";
				CODE_SIGN_STYLE = Automatic;
				CURRENT_PROJECT_VERSION = 1;
				DEVELOPMENT_ASSET_PATHS = "";
				DEVELOPMENT_TEAM = "";
				ENABLE_PREVIEWS = YES;
				GENERATE_INFOPLIST_FILE = NO;
				INFOPLIST_FILE = TennisPulse/Info.plist;
				INFOPLIST_KEY_UIApplicationSceneManifest_Generation = YES;
				INFOPLIST_KEY_UIApplicationSupportsIndirectInputEvents = YES;
				INFOPLIST_KEY_UILaunchScreen_Generation = YES;
				INFOPLIST_KEY_UISupportedInterfaceOrientations_iPad = "UIInterfaceOrientationPortrait UIInterfaceOrientationPortraitUpsideDown UIInterfaceOrientationLandscapeLeft UIInterfaceOrientationLandscapeRight";
				INFOPLIST_KEY_UISupportedInterfaceOrientations_iPhone = "UIInterfaceOrientationPortrait UIInterfaceOrientationLandscapeLeft UIInterfaceOrientationLandscapeRight";
				LD_RUNPATH_SEARCH_PATHS = (
					"$(inherited)",
					"@executable_path/Frameworks",
				);
				MARKETING_VERSION = 1.0;
				PRODUCT_BUNDLE_IDENTIFIER = com.yourname.TennisPulse;
				PRODUCT_NAME = "$(TARGET_NAME)";
				SWIFT_EMIT_LOC_STRINGS = YES;
				SWIFT_OBJC_BRIDGING_HEADER = "TennisPulse/TennisPulse-Bridging-Header.h";
				SWIFT_VERSION = 5.0;
				TARGETED_DEVICE_FAMILY = "1,2";
				HEADER_SEARCH_PATHS = (
					"$(SRCROOT)/TennisPulse/Analytics",
					"$(inherited)",
				);
				OTHER_LDFLAGS = (
					"-lc++",
					"$(inherited)",
				);
			};
			name = Debug;
		};
		A1000034 /* Release */ = {
			isa = XCBuildConfiguration;
			buildSettings = {
				ASSETCATALOG_COMPILER_APPICON_NAME = AppIcon;
				ASSETCATALOG_COMPILER_GLOBAL_ACCENT_COLOR_NAME = AccentColor;
				CODE_SIGN_IDENTITY = "";
				CODE_SIGN_STYLE = Automatic;
				CURRENT_PROJECT_VERSION = 1;
				DEVELOPMENT_ASSET_PATHS = "";
				DEVELOPMENT_TEAM = "";
				ENABLE_PREVIEWS = YES;
				GENERATE_INFOPLIST_FILE = NO;
				INFOPLIST_FILE = TennisPulse/Info.plist;
				INFOPLIST_KEY_UIApplicationSceneManifest_Generation = YES;
				INFOPLIST_KEY_UIApplicationSupportsIndirectInputEvents = YES;
				INFOPLIST_KEY_UILaunchScreen_Generation = YES;
				INFOPLIST_KEY_UISupportedInterfaceOrientations_iPad = "UIInterfaceOrientationPortrait UIInterfaceOrientationPortraitUpsideDown UIInterfaceOrientationLandscapeLeft UIInterfaceOrientationLandscapeRight";
				INFOPLIST_KEY_UISupportedInterfaceOrientations_iPhone = "UIInterfaceOrientationPortrait UIInterfaceOrientationLandscapeLeft UIInterfaceOrientationLandscapeRight";
				LD_RUNPATH_SEARCH_PATHS = (
					"$(inherited)",
					"@executable_path/Frameworks",
				);
				MARKETING_VERSION = 1.0;
				PRODUCT_BUNDLE_IDENTIFIER = com.yourname.TennisPulse;
				PRODUCT_NAME = "$(TARGET_NAME)";
				SWIFT_EMIT_LOC_STRINGS = YES;
				SWIFT_OBJC_BRIDGING_HEADER = "TennisPulse/TennisPulse-Bridging-Header.h";
				SWIFT_VERSION = 5.0;
				TARGETED_DEVICE_FAMILY = "1,2";
				HEADER_SEARCH_PATHS = (
					"$(SRCROOT)/TennisPulse/Analytics",
					"$(inherited)",
				);
				OTHER_LDFLAGS = (
					"-lc++",
					"$(inherited)",
				);
			};
			name = Release;
		};
/* End XCBuildConfiguration section */

/* Begin XCConfigurationList section */
		A1000027 /* Build configuration list for PBXNativeTarget "TennisPulse" */ = {
			isa = XCConfigurationList;
			buildConfigurations = (
				A1000033 /* Debug */,
				A1000034 /* Release */,
			);
			defaultConfigurationIsVisible = 0;
			defaultConfigurationName = Release;
		};
		A1000030 /* Build configuration list for PBXProject "TennisPulse" */ = {
			isa = XCConfigurationList;
			buildConfigurations = (
				A1000031 /* Debug */,
				A1000032 /* Release */,
			);
			defaultConfigurationIsVisible = 0;
			defaultConfigurationName = Release;
		};
/* End XCConfigurationList section */
	};
	rootObject = A1000029 /* Project object */;
}
